// !$*UTF8*$!
{
	archiveVersion = 1;
	classes = {
	};
	objectVersion = 46;
	objects = {

/* Begin PBXBuildFile section */
		2FEE9E36C5AF11C836C16114 /* Pods_PushMyNotif.framework in Frameworks */ = {isa = PBXBuildFile; fileRef = B7F520EFF67BAABA540492A3 /* Pods_PushMyNotif.framework */; };
		EEB76AED1F1968B70093FE3D /* AppDelegate.swift in Sources */ = {isa = PBXBuildFile; fileRef = EEB76AEC1F1968B70093FE3D /* AppDelegate.swift */; };
		EEB76AEF1F1968B70093FE3D /* ViewController.swift in Sources */ = {isa = PBXBuildFile; fileRef = EEB76AEE1F1968B70093FE3D /* ViewController.swift */; };
		EEB76AF21F1968B70093FE3D /* Main.storyboard in Resources */ = {isa = PBXBuildFile; fileRef = EEB76AF01F1968B70093FE3D /* Main.storyboard */; };
		EEB76AF41F1968B70093FE3D /* Assets.xcassets in Resources */ = {isa = PBXBuildFile; fileRef = EEB76AF31F1968B70093FE3D /* Assets.xcassets */; };
		EEB76AF71F1968B70093FE3D /* LaunchScreen.storyboard in Resources */ = {isa = PBXBuildFile; fileRef = EEB76AF51F1968B70093FE3D /* LaunchScreen.storyboard */; };
		EEB76AFF1F1969A40093FE3D /* GoogleService-Info.plist in Resources */ = {isa = PBXBuildFile; fileRef = EEB76AFE1F1969A40093FE3D /* GoogleService-Info.plist */; };
/* End PBXBuildFile section */

/* Begin PBXFileReference section */
		57D59D62AA53D29D0A652FF3 /* Pods-PushMyNotif.release.xcconfig */ = {isa = PBXFileReference; includeInIndex = 1; lastKnownFileType = text.xcconfig; name = "Pods-PushMyNotif.release.xcconfig"; path = "Pods/Target Support Files/Pods-PushMyNotif/Pods-PushMyNotif.release.xcconfig"; sourceTree = "<group>"; };
		6244DED34644F8A83B938B22 /* Pods-PushMyNotif.debug.xcconfig */ = {isa = PBXFileReference; includeInIndex = 1; lastKnownFileType = text.xcconfig; name = "Pods-PushMyNotif.debug.xcconfig"; path = "Pods/Target Support Files/Pods-PushMyNotif/Pods-PushMyNotif.debug.xcconfig"; sourceTree = "<group>"; };
		B7F520EFF67BAABA540492A3 /* Pods_PushMyNotif.framework */ = {isa = PBXFileReference; explicitFileType = wrapper.framework; includeInIndex = 0; path = Pods_PushMyNotif.framework; sourceTree = BUILT_PRODUCTS_DIR; };
		EEB76AE91F1968B70093FE3D /* PushMyNotif.app */ = {isa = PBXFileReference; explicitFileType = wrapper.application; includeInIndex = 0; path = PushMyNotif.app; sourceTree = BUILT_PRODUCTS_DIR; };
		EEB76AEC1F1968B70093FE3D /* AppDelegate.swift */ = {isa = PBXFileReference; lastKnownFileType = sourcecode.swift; path = AppDelegate.swift; sourceTree = "<group>"; };
		EEB76AEE1F1968B70093FE3D /* ViewController.swift */ = {isa = PBXFileReference; lastKnownFileType = sourcecode.swift; path = ViewController.swift; sourceTree = "<group>"; };
		EEB76AF11F1968B70093FE3D /* Base */ = {isa = PBXFileReference; lastKnownFileType = file.storyboard; name = Base; path = Base.lproj/Main.storyboard; sourceTree = "<group>"; };
		EEB76AF31F1968B70093FE3D /* Assets.xcassets */ = {isa = PBXFileReference; lastKnownFileType = folder.assetcatalog; path = Assets.xcassets; sourceTree = "<group>"; };
		EEB76AF61F1968B70093FE3D /* Base */ = {isa = PBXFileReference; lastKnownFileType = file.storyboard; name = Base; path = Base.lproj/LaunchScreen.storyboard; sourceTree = "<group>"; };
		EEB76AF81F1968B80093FE3D /* Info.plist */ = {isa = PBXFileReference; lastKnownFileType = text.plist.xml; path = Info.plist; sourceTree = "<group>"; };
		EEB76AFE1F1969A40093FE3D /* GoogleService-Info.plist */ = {isa = PBXFileReference; fileEncoding = 4; lastKnownFileType = text.plist.xml; path = "GoogleService-Info.plist"; sourceTree = "<group>"; };
		EEB76B001F196DE30093FE3D /* PushMyNotif.entitlements */ = {isa = PBXFileReference; lastKnownFileType = text.plist.entitlements; path = PushMyNotif.entitlements; sourceTree = "<group>"; };
/* End PBXFileReference section */

/* Begin PBXFrameworksBuildPhase section */
		EEB76AE61F1968B70093FE3D /* Frameworks */ = {
			isa = PBXFrameworksBuildPhase;
			buildActionMask = 2147483647;
			files = (
				2FEE9E36C5AF11C836C16114 /* Pods_PushMyNotif.framework in Frameworks */,
			);
			runOnlyForDeploymentPostprocessing = 0;
		};
/* End PBXFrameworksBuildPhase section */

/* Begin PBXGroup section */
		0578A1CB2E5C71596DA7BD09 /* Frameworks */ = {
			isa = PBXGroup;
			children = (
				B7F520EFF67BAABA540492A3 /* Pods_PushMyNotif.framework */,
			);
			name = Frameworks;
			sourceTree = "<group>";
		};
		4F2B80039D8FA96E5EAA3B50 /* Pods */ = {
			isa = PBXGroup;
			children = (
				6244DED34644F8A83B938B22 /* Pods-PushMyNotif.debug.xcconfig */,
				57D59D62AA53D29D0A652FF3 /* Pods-PushMyNotif.release.xcconfig */,
			);
			name = Pods;
			sourceTree = "<group>";
		};
		EEB76AE01F1968B70093FE3D = {
			isa = PBXGroup;
			children = (
				EEB76AEB1F1968B70093FE3D /* PushMyNotif */,
				EEB76AEA1F1968B70093FE3D /* Products */,
				4F2B80039D8FA96E5EAA3B50 /* Pods */,
				0578A1CB2E5C71596DA7BD09 /* Frameworks */,
			);
			sourceTree = "<group>";
		};
		EEB76AEA1F1968B70093FE3D /* Products */ = {
			isa = PBXGroup;
			children = (
				EEB76AE91F1968B70093FE3D /* PushMyNotif.app */,
			);
			name = Products;
			sourceTree = "<group>";
		};
		EEB76AEB1F1968B70093FE3D /* PushMyNotif */ = {
			isa = PBXGroup;
			children = (
				EEB76B001F196DE30093FE3D /* PushMyNotif.entitlements */,
				EEB76AFE1F1969A40093FE3D /* GoogleService-Info.plist */,
				EEB76AEC1F1968B70093FE3D /* AppDelegate.swift */,
				EEB76AEE1F1968B70093FE3D /* ViewController.swift */,
				EEB76AF01F1968B70093FE3D /* Main.storyboard */,
				EEB76AF31F1968B70093FE3D /* Assets.xcassets */,
				EEB76AF51F1968B70093FE3D /* LaunchScreen.storyboard */,
				EEB76AF81F1968B80093FE3D /* Info.plist */,
			);
			path = PushMyNotif;
			sourceTree = "<group>";
		};
/* End PBXGroup section */

/* Begin PBXNativeTarget section */
		EEB76AE81F1968B70093FE3D /* PushMyNotif */ = {
			isa = PBXNativeTarget;
			buildConfigurationList = EEB76AFB1F1968B80093FE3D /* Build configuration list for PBXNativeTarget "PushMyNotif" */;
			buildPhases = (
				863C8D5369036B161CA7C259 /* [CP] Check Pods Manifest.lock */,
				EEB76AE51F1968B70093FE3D /* Sources */,
				EEB76AE61F1968B70093FE3D /* Frameworks */,
				EEB76AE71F1968B70093FE3D /* Resources */,
				1265D5D990B1991104F6BE13 /* [CP] Embed Pods Frameworks */,
				02A73FC8A34B18E5E4EFA95C /* [CP] Copy Pods Resources */,
			);
			buildRules = (
			);
			dependencies = (
			);
			name = PushMyNotif;
			productName = PushMyNotif;
			productReference = EEB76AE91F1968B70093FE3D /* PushMyNotif.app */;
			productType = "com.apple.product-type.application";
		};
/* End PBXNativeTarget section */

/* Begin PBXProject section */
		EEB76AE11F1968B70093FE3D /* Project object */ = {
			isa = PBXProject;
			attributes = {
				LastSwiftUpdateCheck = 0830;
				LastUpgradeCheck = 0830;
				ORGANIZATIONNAME = "Matthew Tripodi";
				TargetAttributes = {
					EEB76AE81F1968B70093FE3D = {
						CreatedOnToolsVersion = 8.3.3;
						DevelopmentTeam = J5P95JSAVD;
						ProvisioningStyle = Automatic;
						SystemCapabilities = {
							com.apple.Push = {
								enabled = 1;
							};
						};
					};
				};
			};
			buildConfigurationList = EEB76AE41F1968B70093FE3D /* Build configuration list for PBXProject "PushMyNotif" */;
			compatibilityVersion = "Xcode 3.2";
			developmentRegion = English;
			hasScannedForEncodings = 0;
			knownRegions = (
				en,
				Base,
			);
			mainGroup = EEB76AE01F1968B70093FE3D;
			productRefGroup = EEB76AEA1F1968B70093FE3D /* Products */;
			projectDirPath = "";
			projectRoot = "";
			targets = (
				EEB76AE81F1968B70093FE3D /* PushMyNotif */,
			);
		};
/* End PBXProject section */

/* Begin PBXResourcesBuildPhase section */
		EEB76AE71F1968B70093FE3D /* Resources */ = {
			isa = PBXResourcesBuildPhase;
			buildActionMask = 2147483647;
			files = (
				EEB76AF71F1968B70093FE3D /* LaunchScreen.storyboard in Resources */,
				EEB76AF41F1968B70093FE3D /* Assets.xcassets in Resources */,
				EEB76AFF1F1969A40093FE3D /* GoogleService-Info.plist in Resources */,
				EEB76AF21F1968B70093FE3D /* Main.storyboard in Resources */,
			);
			runOnlyForDeploymentPostprocessing = 0;
		};
/* End PBXResourcesBuildPhase section */

/* Begin PBXShellScriptBuildPhase section */
		02A73FC8A34B18E5E4EFA95C /* [CP] Copy Pods Resources */ = {
			isa = PBXShellScriptBuildPhase;
			buildActionMask = 2147483647;
			files = (
			);
			inputPaths = (
			);
			name = "[CP] Copy Pods Resources";
			outputPaths = (
			);
			runOnlyForDeploymentPostprocessing = 0;
			shellPath = /bin/sh;
			shellScript = "\"${SRCROOT}/Pods/Target Support Files/Pods-PushMyNotif/Pods-PushMyNotif-resources.sh\"\n";
			showEnvVarsInLog = 0;
		};
		1265D5D990B1991104F6BE13 /* [CP] Embed Pods Frameworks */ = {
			isa = PBXShellScriptBuildPhase;
			buildActionMask = 2147483647;
			files = (
			);
			inputPaths = (
			);
			name = "[CP] Embed Pods Frameworks";
			outputPaths = (
			);
			runOnlyForDeploymentPostprocessing = 0;
			shellPath = /bin/sh;
			shellScript = "\"${SRCROOT}/Pods/Target Support Files/Pods-PushMyNotif/Pods-PushMyNotif-frameworks.sh\"\n";
			showEnvVarsInLog = 0;
		};
		863C8D5369036B161CA7C259 /* [CP] Check Pods Manifest.lock */ = {
			isa = PBXShellScriptBuildPhase;
			buildActionMask = 2147483647;
			files = (
			);
			inputPaths = (
			);
			name = "[CP] Check Pods Manifest.lock";
			outputPaths = (
			);
			runOnlyForDeploymentPostprocessing = 0;
			shellPath = /bin/sh;
			shellScript = "diff \"${PODS_PODFILE_DIR_PATH}/Podfile.lock\" \"${PODS_ROOT}/Manifest.lock\" > /dev/null\nif [ $? != 0 ] ; then\n    # print error to STDERR\n    echo \"error: The sandbox is not in sync with the Podfile.lock. Run 'pod install' or update your CocoaPods installation.\" >&2\n    exit 1\nfi\n";
			showEnvVarsInLog = 0;
		};
/* End PBXShellScriptBuildPhase section */

/* Begin PBXSourcesBuildPhase section */
		EEB76AE51F1968B70093FE3D /* Sources */ = {
			isa = PBXSourcesBuildPhase;
			buildActionMask = 2147483647;
			files = (
				EEB76AEF1F1968B70093FE3D /* ViewController.swift in Sources */,
				EEB76AED1F1968B70093FE3D /* AppDelegate.swift in Sources */,
			);
			runOnlyForDeploymentPostprocessing = 0;
		};
/* End PBXSourcesBuildPhase section */

/* Begin PBXVariantGroup section */
		EEB76AF01F1968B70093FE3D /* Main.storyboard */ = {
			isa = PBXVariantGroup;
			children = (
				EEB76AF11F1968B70093FE3D /* Base */,
			);
			name = Main.storyboard;
			sourceTree = "<group>";
		};
		EEB76AF51F1968B70093FE3D /* LaunchScreen.storyboard */ = {
			isa = PBXVariantGroup;
			children = (
				EEB76AF61F1968B70093FE3D /* Base */,
			);
			name = LaunchScreen.storyboard;
			sourceTree = "<group>";
		};
/* End PBXVariantGroup section */

/* Begin XCBuildConfiguration section */
		EEB76AF91F1968B80093FE3D /* Debug */ = {
			isa = XCBuildConfiguration;
			buildSettings = {
				ALWAYS_SEARCH_USER_PATHS = NO;
				CLANG_ANALYZER_NONNULL = YES;
				CLANG_ANALYZER_NUMBER_OBJECT_CONVERSION = YES_AGGRESSIVE;
				CLANG_CXX_LANGUAGE_STANDARD = "gnu++0x";
				CLANG_CXX_LIBRARY = "libc++";
				CLANG_ENABLE_MODULES = YES;
				CLANG_ENABLE_OBJC_ARC = YES;
				CLANG_WARN_BOOL_CONVERSION = YES;
				CLANG_WARN_CONSTANT_CONVERSION = YES;
				CLANG_WARN_DIRECT_OBJC_ISA_USAGE = YES_ERROR;
				CLANG_WARN_DOCUMENTATION_COMMENTS = YES;
				CLANG_WARN_EMPTY_BODY = YES;
				CLANG_WARN_ENUM_CONVERSION = YES;
				CLANG_WARN_INFINITE_RECURSION = YES;
				CLANG_WARN_INT_CONVERSION = YES;
				CLANG_WARN_OBJC_ROOT_CLASS = YES_ERROR;
				CLANG_WARN_SUSPICIOUS_MOVE = YES;
				CLANG_WARN_UNREACHABLE_CODE = YES;
				CLANG_WARN__DUPLICATE_METHOD_MATCH = YES;
				"CODE_SIGN_IDENTITY[sdk=iphoneos*]" = "iPhone Developer";
				COPY_PHASE_STRIP = NO;
				DEBUG_INFORMATION_FORMAT = dwarf;
				ENABLE_STRICT_OBJC_MSGSEND = YES;
				ENABLE_TESTABILITY = YES;
				GCC_C_LANGUAGE_STANDARD = gnu99;
				GCC_DYNAMIC_NO_PIC = NO;
				GCC_NO_COMMON_BLOCKS = YES;
				GCC_OPTIMIZATION_LEVEL = 0;
				GCC_PREPROCESSOR_DEFINITIONS = (
					"DEBUG=1",
					"$(inherited)",
				);
				GCC_WARN_64_TO_32_BIT_CONVERSION = YES;
				GCC_WARN_ABOUT_RETURN_TYPE = YES_ERROR;
				GCC_WARN_UNDECLARED_SELECTOR = YES;
				GCC_WARN_UNINITIALIZED_AUTOS = YES_AGGRESSIVE;
				GCC_WARN_UNUSED_FUNCTION = YES;
				GCC_WARN_UNUSED_VARIABLE = YES;
				IPHONEOS_DEPLOYMENT_TARGET = 10.3;
				MTL_ENABLE_DEBUG_INFO = YES;
				ONLY_ACTIVE_ARCH = YES;
				SDKROOT = iphoneos;
				SWIFT_ACTIVE_COMPILATION_CONDITIONS = DEBUG;
				SWIFT_OPTIMIZATION_LEVEL = "-Onone";
				TARGETED_DEVICE_FAMILY = "1,2";
			};
			name = Debug;
		};
		EEB76AFA1F1968B80093FE3D /* Release */ = {
			isa = XCBuildConfiguration;
			buildSettings = {
				ALWAYS_SEARCH_USER_PATHS = NO;
				CLANG_ANALYZER_NONNULL = YES;
				CLANG_ANALYZER_NUMBER_OBJECT_CONVERSION = YES_AGGRESSIVE;
				CLANG_CXX_LANGUAGE_STANDARD = "gnu++0x";
				CLANG_CXX_LIBRARY = "libc++";
				CLANG_ENABLE_MODULES = YES;
				CLANG_ENABLE_OBJC_ARC = YES;
				CLANG_WARN_BOOL_CONVERSION = YES;
				CLANG_WARN_CONSTANT_CONVERSION = YES;
				CLANG_WARN_DIRECT_OBJC_ISA_USAGE = YES_ERROR;
				CLANG_WARN_DOCUMENTATION_COMMENTS = YES;
				CLANG_WARN_EMPTY_BODY = YES;
				CLANG_WARN_ENUM_CONVERSION = YES;
				CLANG_WARN_INFINITE_RECURSION = YES;
				CLANG_WARN_INT_CONVERSION = YES;
				CLANG_WARN_OBJC_ROOT_CLASS = YES_ERROR;
				CLANG_WARN_SUSPICIOUS_MOVE = YES;
				CLANG_WARN_UNREACHABLE_CODE = YES;
				CLANG_WARN__DUPLICATE_METHOD_MATCH = YES;
				"CODE_SIGN_IDENTITY[sdk=iphoneos*]" = "iPhone Developer";
				COPY_PHASE_STRIP = NO;
				DEBUG_INFORMATION_FORMAT = "dwarf-with-dsym";
				ENABLE_NS_ASSERTIONS = NO;
				ENABLE_STRICT_OBJC_MSGSEND = YES;
				GCC_C_LANGUAGE_STANDARD = gnu99;
				GCC_NO_COMMON_BLOCKS = YES;
				GCC_WARN_64_TO_32_BIT_CONVERSION = YES;
				GCC_WARN_ABOUT_RETURN_TYPE = YES_ERROR;
				GCC_WARN_UNDECLARED_SELECTOR = YES;
				GCC_WARN_UNINITIALIZED_AUTOS = YES_AGGRESSIVE;
				GCC_WARN_UNUSED_FUNCTION = YES;
				GCC_WARN_UNUSED_VARIABLE = YES;
				IPHONEOS_DEPLOYMENT_TARGET = 10.3;
				MTL_ENABLE_DEBUG_INFO = NO;
				SDKROOT = iphoneos;
				SWIFT_OPTIMIZATION_LEVEL = "-Owholemodule";
				TARGETED_DEVICE_FAMILY = "1,2";
				VALIDATE_PRODUCT = YES;
			};
			name = Release;
		};
		EEB76AFC1F1968B80093FE3D /* Debug */ = {
			isa = XCBuildConfiguration;
			baseConfigurationReference = 6244DED34644F8A83B938B22 /* Pods-PushMyNotif.debug.xcconfig */;
			buildSettings = {
				ASSETCATALOG_COMPILER_APPICON_NAME = AppIcon;
				CODE_SIGN_ENTITLEMENTS = PushMyNotif/PushMyNotif.entitlements;
				DEVELOPMENT_TEAM = J5P95JSAVD;
				INFOPLIST_FILE = PushMyNotif/Info.plist;
				LD_RUNPATH_SEARCH_PATHS = "$(inherited) @executable_path/Frameworks";
				PRODUCT_BUNDLE_IDENTIFIER = com.matthewtripodi.PushMyNotif;
				PRODUCT_NAME = "$(TARGET_NAME)";
				SWIFT_VERSION = 3.0;
			};
			name = Debug;
		};
		EEB76AFD1F1968B80093FE3D /* Release */ = {
			isa = XCBuildConfiguration;
			baseConfigurationReference = 57D59D62AA53D29D0A652FF3 /* Pods-PushMyNotif.release.xcconfig */;
			buildSettings = {
				ASSETCATALOG_COMPILER_APPICON_NAME = AppIcon;
				CODE_SIGN_ENTITLEMENTS = PushMyNotif/PushMyNotif.entitlements;
				DEVELOPMENT_TEAM = J5P95JSAVD;
				INFOPLIST_FILE = PushMyNotif/Info.plist;
				LD_RUNPATH_SEARCH_PATHS = "$(inherited) @executable_path/Frameworks";
				PRODUCT_BUNDLE_IDENTIFIER = com.matthewtripodi.PushMyNotif;
				PRODUCT_NAME = "$(TARGET_NAME)";
				SWIFT_VERSION = 3.0;
			};
			name = Release;
		};
/* End XCBuildConfiguration section */

/* Begin XCConfigurationList section */
		EEB76AE41F1968B70093FE3D /* Build configuration list for PBXProject "PushMyNotif" */ = {
			isa = XCConfigurationList;
			buildConfigurations = (
				EEB76AF91F1968B80093FE3D /* Debug */,
				EEB76AFA1F1968B80093FE3D /* Release */,
			);
			defaultConfigurationIsVisible = 0;
			defaultConfigurationName = Release;
		};
		EEB76AFB1F1968B80093FE3D /* Build configuration list for PBXNativeTarget "PushMyNotif" */ = {
			isa = XCConfigurationList;
			buildConfigurations = (
				EEB76AFC1F1968B80093FE3D /* Debug */,
				EEB76AFD1F1968B80093FE3D /* Release */,
			);
			defaultConfigurationIsVisible = 0;
			defaultConfigurationName = Release;
		};
/* End XCConfigurationList section */
	};
	rootObject = EEB76AE11F1968B70093FE3D /* Project object */;
}
